// !$*UTF8*$!
{
	archiveVersion = 1;
	classes = {
	};
	objectVersion = 55;
	objects = {

/* Begin PBXBuildFile section */
		280078C1273EFB6000624EE1 /* main.cpp in Sources */ = {isa = PBXBuildFile; fileRef = 280078C0273EFB6000624EE1 /* main.cpp */; };
		287D706A275A7DCE00F09350 /* Employee.cpp in Sources */ = {isa = PBXBuildFile; fileRef = 287D7068275A7DCE00F09350 /* Employee.cpp */; };
		287D706D275A867F00F09350 /* Customer.cpp in Sources */ = {isa = PBXBuildFile; fileRef = 287D706B275A867F00F09350 /* Customer.cpp */; };
		287D7070275A888E00F09350 /* Order.cpp in Sources */ = {isa = PBXBuildFile; fileRef = 287D706E275A888E00F09350 /* Order.cpp */; };
		287D7073275A8C4C00F09350 /* Tip.cpp in Sources */ = {isa = PBXBuildFile; fileRef = 287D7071275A8C4C00F09350 /* Tip.cpp */; };
		287D7079275A934100F09350 /* Rating.cpp in Sources */ = {isa = PBXBuildFile; fileRef = 287D7077275A934100F09350 /* Rating.cpp */; };
		288D99CB276C392D002F1E1B /* RatingItem.cpp in Sources */ = {isa = PBXBuildFile; fileRef = 282D81E92763D7B500732540 /* RatingItem.cpp */; };
/* End PBXBuildFile section */

/* Begin PBXCopyFilesBuildPhase section */
		280078BB273EFB6000624EE1 /* CopyFiles */ = {
			isa = PBXCopyFilesBuildPhase;
			buildActionMask = 2147483647;
			dstPath = /usr/share/man/man1/;
			dstSubfolderSpec = 0;
			files = (
			);
			runOnlyForDeploymentPostprocessing = 1;
		};
/* End PBXCopyFilesBuildPhase section */

/* Begin PBXFileReference section */
		280078BD273EFB6000624EE1 /* CIS 130 Honors Project (Endiro Tipping Scheme) */ = {isa = PBXFileReference; explicitFileType = "compiled.mach-o.executable"; includeInIndex = 0; path = "CIS 130 Honors Project (Endiro Tipping Scheme)"; sourceTree = BUILT_PRODUCTS_DIR; };
		280078C0273EFB6000624EE1 /* main.cpp */ = {isa = PBXFileReference; lastKnownFileType = sourcecode.cpp.cpp; path = main.cpp; sourceTree = "<group>"; };
		282D81E92763D7B500732540 /* RatingItem.cpp */ = {isa = PBXFileReference; lastKnownFileType = sourcecode.cpp.cpp; path = RatingItem.cpp; sourceTree = "<group>"; };
		282D81EA2763D7B500732540 /* RatingItem.hpp */ = {isa = PBXFileReference; lastKnownFileType = sourcecode.cpp.h; path = RatingItem.hpp; sourceTree = "<group>"; };
		287D7068275A7DCE00F09350 /* Employee.cpp */ = {isa = PBXFileReference; lastKnownFileType = sourcecode.cpp.cpp; path = Employee.cpp; sourceTree = "<group>"; };
		287D7069275A7DCE00F09350 /* Employee.hpp */ = {isa = PBXFileReference; lastKnownFileType = sourcecode.cpp.h; path = Employee.hpp; sourceTree = "<group>"; };
		287D706B275A867F00F09350 /* Customer.cpp */ = {isa = PBXFileReference; lastKnownFileType = sourcecode.cpp.cpp; path = Customer.cpp; sourceTree = "<group>"; };
		287D706C275A867F00F09350 /* Customer.hpp */ = {isa = PBXFileReference; lastKnownFileType = sourcecode.cpp.h; path = Customer.hpp; sourceTree = "<group>"; };
		287D706E275A888E00F09350 /* Order.cpp */ = {isa = PBXFileReference; lastKnownFileType = sourcecode.cpp.cpp; path = Order.cpp; sourceTree = "<group>"; };
		287D706F275A888E00F09350 /* Order.hpp */ = {isa = PBXFileReference; lastKnownFileType = sourcecode.cpp.h; path = Order.hpp; sourceTree = "<group>"; };
		287D7071275A8C4C00F09350 /* Tip.cpp */ = {isa = PBXFileReference; lastKnownFileType = sourcecode.cpp.cpp; path = Tip.cpp; sourceTree = "<group>"; };
		287D7072275A8C4C00F09350 /* Tip.hpp */ = {isa = PBXFileReference; lastKnownFileType = sourcecode.cpp.h; path = Tip.hpp; sourceTree = "<group>"; };
		287D7077275A934100F09350 /* Rating.cpp */ = {isa = PBXFileReference; lastKnownFileType = sourcecode.cpp.cpp; path = Rating.cpp; sourceTree = "<group>"; };
		287D7078275A934100F09350 /* Rating.hpp */ = {isa = PBXFileReference; lastKnownFileType = sourcecode.cpp.h; path = Rating.hpp; sourceTree = "<group>"; };
/* End PBXFileReference section */

/* Begin PBXFrameworksBuildPhase section */
		280078BA273EFB6000624EE1 /* Frameworks */ = {
			isa = PBXFrameworksBuildPhase;
			buildActionMask = 2147483647;
			files = (
			);
			runOnlyForDeploymentPostprocessing = 0;
		};
/* End PBXFrameworksBuildPhase section */

/* Begin PBXGroup section */
		280078B4273EFB6000624EE1 = {
			isa = PBXGroup;
			children = (
				282D81EA2763D7B500732540 /* RatingItem.hpp */,
				282D81E92763D7B500732540 /* RatingItem.cpp */,
				280078BF273EFB6000624EE1 /* CIS 130 Honors Project (Endiro Tipping Scheme) */,
				280078BE273EFB6000624EE1 /* Products */,
			);
			sourceTree = "<group>";
		};
		280078BE273EFB6000624EE1 /* Products */ = {
			isa = PBXGroup;
			children = (
				280078BD273EFB6000624EE1 /* CIS 130 Honors Project (Endiro Tipping Scheme) */,
			);
			name = Products;
			sourceTree = "<group>";
		};
		280078BF273EFB6000624EE1 /* CIS 130 Honors Project (Endiro Tipping Scheme) */ = {
			isa = PBXGroup;
			children = (
				280078C0273EFB6000624EE1 /* main.cpp */,
				287D7069275A7DCE00F09350 /* Employee.hpp */,
				287D7068275A7DCE00F09350 /* Employee.cpp */,
				287D706C275A867F00F09350 /* Customer.hpp */,
				287D706B275A867F00F09350 /* Customer.cpp */,
				287D706F275A888E00F09350 /* Order.hpp */,
				287D706E275A888E00F09350 /* Order.cpp */,
				287D7078275A934100F09350 /* Rating.hpp */,
				287D7077275A934100F09350 /* Rating.cpp */,
				287D7072275A8C4C00F09350 /* Tip.hpp */,
				287D7071275A8C4C00F09350 /* Tip.cpp */,
			);
			path = "CIS 130 Honors Project (Endiro Tipping Scheme)";
			sourceTree = "<group>";
		};
/* End PBXGroup section */

/* Begin PBXNativeTarget section */
		280078BC273EFB6000624EE1 /* CIS 130 Honors Project (Endiro Tipping Scheme) */ = {
			isa = PBXNativeTarget;
			buildConfigurationList = 280078C4273EFB6000624EE1 /* Build configuration list for PBXNativeTarget "CIS 130 Honors Project (Endiro Tipping Scheme)" */;
			buildPhases = (
				280078B9273EFB6000624EE1 /* Sources */,
				280078BA273EFB6000624EE1 /* Frameworks */,
				280078BB273EFB6000624EE1 /* CopyFiles */,
			);
			buildRules = (
			);
			dependencies = (
			);
			name = "CIS 130 Honors Project (Endiro Tipping Scheme)";
			productName = "CIS 130 Honors Project (Endiro Tipping Scheme)";
			productReference = 280078BD273EFB6000624EE1 /* CIS 130 Honors Project (Endiro Tipping Scheme) */;
			productType = "com.apple.product-type.tool";
		};
/* End PBXNativeTarget section */

/* Begin PBXProject section */
		280078B5273EFB6000624EE1 /* Project object */ = {
			isa = PBXProject;
			attributes = {
				BuildIndependentTargetsInParallel = 1;
				LastUpgradeCheck = 1320;
				TargetAttributes = {
					280078BC273EFB6000624EE1 = {
						CreatedOnToolsVersion = 13.1;
					};
				};
			};
			buildConfigurationList = 280078B8273EFB6000624EE1 /* Build configuration list for PBXProject "CIS 130 Honors Project (Endiro Tipping Scheme)" */;
			compatibilityVersion = "Xcode 13.0";
			developmentRegion = en;
			hasScannedForEncodings = 0;
			knownRegions = (
				en,
				Base,
			);
			mainGroup = 280078B4273EFB6000624EE1;
			productRefGroup = 280078BE273EFB6000624EE1 /* Products */;
			projectDirPath = "";
			projectRoot = "";
			targets = (
				280078BC273EFB6000624EE1 /* CIS 130 Honors Project (Endiro Tipping Scheme) */,
			);
		};
/* End PBXProject section */

/* Begin PBXSourcesBuildPhase section */
		280078B9273EFB6000624EE1 /* Sources */ = {
			isa = PBXSourcesBuildPhase;
			buildActionMask = 2147483647;
			files = (
				288D99CB276C392D002F1E1B /* RatingItem.cpp in Sources */,
				287D706D275A867F00F09350 /* Customer.cpp in Sources */,
				280078C1273EFB6000624EE1 /* main.cpp in Sources */,
				287D7073275A8C4C00F09350 /* Tip.cpp in Sources */,
				287D7079275A934100F09350 /* Rating.cpp in Sources */,
				287D7070275A888E00F09350 /* Order.cpp in Sources */,
				287D706A275A7DCE00F09350 /* Employee.cpp in Sources */,
			);
			runOnlyForDeploymentPostprocessing = 0;
		};
/* End PBXSourcesBuildPhase section */

/* Begin XCBuildConfiguration section */
		280078C2273EFB6000624EE1 /* Debug */ = {
			isa = XCBuildConfiguration;
			buildSettings = {
				ALWAYS_SEARCH_USER_PATHS = NO;
				CLANG_ANALYZER_NONNULL = YES;
				CLANG_ANALYZER_NUMBER_OBJECT_CONVERSION = YES_AGGRESSIVE;
				CLANG_CXX_LANGUAGE_STANDARD = "gnu++17";
				CLANG_CXX_LIBRARY = "libc++";
				CLANG_ENABLE_MODULES = YES;
				CLANG_ENABLE_OBJC_ARC = YES;
				CLANG_ENABLE_OBJC_WEAK = YES;
				CLANG_WARN_BLOCK_CAPTURE_AUTORELEASING = YES;
				CLANG_WARN_BOOL_CONVERSION = YES;
				CLANG_WARN_COMMA = YES;
				CLANG_WARN_CONSTANT_CONVERSION = YES;
				CLANG_WARN_DEPRECATED_OBJC_IMPLEMENTATIONS = YES;
				CLANG_WARN_DIRECT_OBJC_ISA_USAGE = YES_ERROR;
				CLANG_WARN_DOCUMENTATION_COMMENTS = YES;
				CLANG_WARN_EMPTY_BODY = YES;
				CLANG_WARN_ENUM_CONVERSION = YES;
				CLANG_WARN_INFINITE_RECURSION = YES;
				CLANG_WARN_INT_CONVERSION = YES;
				CLANG_WARN_NON_LITERAL_NULL_CONVERSION = YES;
				CLANG_WARN_OBJC_IMPLICIT_RETAIN_SELF = YES;
				CLANG_WARN_OBJC_LITERAL_CONVERSION = YES;
				CLANG_WARN_OBJC_ROOT_CLASS = YES_ERROR;
				CLANG_WARN_QUOTED_INCLUDE_IN_FRAMEWORK_HEADER = YES;
				CLANG_WARN_RANGE_LOOP_ANALYSIS = YES;
				CLANG_WARN_STRICT_PROTOTYPES = YES;
				CLANG_WARN_SUSPICIOUS_MOVE = YES;
				CLANG_WARN_UNGUARDED_AVAILABILITY = YES_AGGRESSIVE;
				CLANG_WARN_UNREACHABLE_CODE = YES;
				CLANG_WARN__DUPLICATE_METHOD_MATCH = YES;
				COPY_PHASE_STRIP = NO;
				DEBUG_INFORMATION_FORMAT = dwarf;
				ENABLE_STRICT_OBJC_MSGSEND = YES;
				ENABLE_TESTABILITY = YES;
				GCC_C_LANGUAGE_STANDARD = gnu11;
				GCC_DYNAMIC_NO_PIC = NO;
				GCC_NO_COMMON_BLOCKS = YES;
				GCC_OPTIMIZATION_LEVEL = 0;
				GCC_PREPROCESSOR_DEFINITIONS = (
					"DEBUG=1",
					"$(inherited)",
				);
				GCC_WARN_64_TO_32_BIT_CONVERSION = YES;
				GCC_WARN_ABOUT_RETURN_TYPE = YES_ERROR;
				GCC_WARN_UNDECLARED_SELECTOR = YES;
				GCC_WARN_UNINITIALIZED_AUTOS = YES_AGGRESSIVE;
				GCC_WARN_UNUSED_FUNCTION = YES;
				GCC_WARN_UNUSED_VARIABLE = YES;
				MACOSX_DEPLOYMENT_TARGET = 11.6;
				MTL_ENABLE_DEBUG_INFO = INCLUDE_SOURCE;
				MTL_FAST_MATH = YES;
				ONLY_ACTIVE_ARCH = YES;
				SDKROOT = macosx;
			};
			name = Debug;
		};
		280078C3273EFB6000624EE1 /* Release */ = {
			isa = XCBuildConfiguration;
			buildSettings = {
				ALWAYS_SEARCH_USER_PATHS = NO;
				CLANG_ANALYZER_NONNULL = YES;
				CLANG_ANALYZER_NUMBER_OBJECT_CONVERSION = YES_AGGRESSIVE;
				CLANG_CXX_LANGUAGE_STANDARD = "gnu++17";
				CLANG_CXX_LIBRARY = "libc++";
				CLANG_ENABLE_MODULES = YES;
				CLANG_ENABLE_OBJC_ARC = YES;
				CLANG_ENABLE_OBJC_WEAK = YES;
				CLANG_WARN_BLOCK_CAPTURE_AUTORELEASING = YES;
				CLANG_WARN_BOOL_CONVERSION = YES;
				CLANG_WARN_COMMA = YES;
				CLANG_WARN_CONSTANT_CONVERSION = YES;
				CLANG_WARN_DEPRECATED_OBJC_IMPLEMENTATIONS = YES;
				CLANG_WARN_DIRECT_OBJC_ISA_USAGE = YES_ERROR;
				CLANG_WARN_DOCUMENTATION_COMMENTS = YES;
				CLANG_WARN_EMPTY_BODY = YES;
				CLANG_WARN_ENUM_CONVERSION = YES;
				CLANG_WARN_INFINITE_RECURSION = YES;
				CLANG_WARN_INT_CONVERSION = YES;
				CLANG_WARN_NON_LITERAL_NULL_CONVERSION = YES;
				CLANG_WARN_OBJC_IMPLICIT_RETAIN_SELF = YES;
				CLANG_WARN_OBJC_LITERAL_CONVERSION = YES;
				CLANG_WARN_OBJC_ROOT_CLASS = YES_ERROR;
				CLANG_WARN_QUOTED_INCLUDE_IN_FRAMEWORK_HEADER = YES;
				CLANG_WARN_RANGE_LOOP_ANALYSIS = YES;
				CLANG_WARN_STRICT_PROTOTYPES = YES;
				CLANG_WARN_SUSPICIOUS_MOVE = YES;
				CLANG_WARN_UNGUARDED_AVAILABILITY = YES_AGGRESSIVE;
				CLANG_WARN_UNREACHABLE_CODE = YES;
				CLANG_WARN__DUPLICATE_METHOD_MATCH = YES;
				COPY_PHASE_STRIP = NO;
				DEBUG_INFORMATION_FORMAT = "dwarf-with-dsym";
				ENABLE_NS_ASSERTIONS = NO;
				ENABLE_STRICT_OBJC_MSGSEND = YES;
				GCC_C_LANGUAGE_STANDARD = gnu11;
				GCC_NO_COMMON_BLOCKS = YES;
				GCC_WARN_64_TO_32_BIT_CONVERSION = YES;
				GCC_WARN_ABOUT_RETURN_TYPE = YES_ERROR;
				GCC_WARN_UNDECLARED_SELECTOR = YES;
				GCC_WARN_UNINITIALIZED_AUTOS = YES_AGGRESSIVE;
				GCC_WARN_UNUSED_FUNCTION = YES;
				GCC_WARN_UNUSED_VARIABLE = YES;
				MACOSX_DEPLOYMENT_TARGET = 11.6;
				MTL_ENABLE_DEBUG_INFO = NO;
				MTL_FAST_MATH = YES;
				SDKROOT = macosx;
			};
			name = Release;
		};
		280078C5273EFB6000624EE1 /* Debug */ = {
			isa = XCBuildConfiguration;
			buildSettings = {
				CODE_SIGN_IDENTITY = "-";
				CODE_SIGN_STYLE = Automatic;
				PRODUCT_NAME = "$(TARGET_NAME)";
			};
			name = Debug;
		};
		280078C6273EFB6000624EE1 /* Release */ = {
			isa = XCBuildConfiguration;
			buildSettings = {
				CODE_SIGN_IDENTITY = "-";
				CODE_SIGN_STYLE = Automatic;
				PRODUCT_NAME = "$(TARGET_NAME)";
			};
			name = Release;
		};
/* End XCBuildConfiguration section */

/* Begin XCConfigurationList section */
		280078B8273EFB6000624EE1 /* Build configuration list for PBXProject "CIS 130 Honors Project (Endiro Tipping Scheme)" */ = {
			isa = XCConfigurationList;
			buildConfigurations = (
				280078C2273EFB6000624EE1 /* Debug */,
				280078C3273EFB6000624EE1 /* Release */,
			);
			defaultConfigurationIsVisible = 0;
			defaultConfigurationName = Release;
		};
		280078C4273EFB6000624EE1 /* Build configuration list for PBXNativeTarget "CIS 130 Honors Project (Endiro Tipping Scheme)" */ = {
			isa = XCConfigurationList;
			buildConfigurations = (
				280078C5273EFB6000624EE1 /* Debug */,
				280078C6273EFB6000624EE1 /* Release */,
			);
			defaultConfigurationIsVisible = 0;
			defaultConfigurationName = Release;
		};
/* End XCConfigurationList section */
	};
	rootObject = 280078B5273EFB6000624EE1 /* Project object */;
}
